{
  "name": "ble-test",
  "version": "1.0.0",
  "lockfileVersion": 1,
  "requires": true,
  "dependencies": {
    "ansi-regex": {
      "version": "2.1.1",
      "resolved": "https://hubdoc.jfrog.io/hubdoc/api/npm/npm/ansi-regex/-/ansi-regex-2.1.1.tgz",
      "integrity": "sha1-w7M6te42DYbg5ijwRorn7yfWVN8=",
      "optional": true
    },
    "aproba": {
      "version": "1.2.0",
      "resolved": "https://hubdoc.jfrog.io/hubdoc/api/npm/npm/aproba/-/aproba-1.2.0.tgz",
      "integrity": "sha1-aALmJk79GMeQobDVF/DyYnvyyUo=",
      "optional": true
    },
    "are-we-there-yet": {
      "version": "1.1.5",
      "resolved": "https://hubdoc.jfrog.io/hubdoc/api/npm/npm/are-we-there-yet/-/are-we-there-yet-1.1.5.tgz",
      "integrity": "sha1-SzXClE8GKov82mZBB2A1D+nd/CE=",
      "optional": true,
      "requires": {
        "delegates": "^1.0.0",
        "readable-stream": "^2.0.6"
      }
    },
    "base64-js": {
      "version": "1.5.1",
      "resolved": "https://hubdoc.jfrog.io/hubdoc/api/npm/npm/base64-js/-/base64-js-1.5.1.tgz",
      "integrity": "sha1-GxtEAWClv3rUC2UPCVljSBkDkwo=",
      "optional": true
    },
    "bindings": {
      "version": "1.5.0",
      "resolved": "https://hubdoc.jfrog.io/hubdoc/api/npm/npm/bindings/-/bindings-1.5.0.tgz",
      "integrity": "sha1-EDU8npRTNLwFEabZCzj7x8nFBN8=",
      "optional": true,
      "requires": {
        "file-uri-to-path": "1.0.0"
      }
    },
    "bl": {
      "version": "4.1.0",
      "resolved": "https://hubdoc.jfrog.io/hubdoc/api/npm/npm/bl/-/bl-4.1.0.tgz",
      "integrity": "sha1-RRU1JkGCvsL7vIOmKrmM8R2fezo=",
      "optional": true,
      "requires": {
        "buffer": "^5.5.0",
        "inherits": "^2.0.4",
        "readable-stream": "^3.4.0"
      },
      "dependencies": {
        "readable-stream": {
          "version": "3.6.0",
          "resolved": "https://hubdoc.jfrog.io/hubdoc/api/npm/npm/readable-stream/-/readable-stream-3.6.0.tgz",
          "integrity": "sha1-M3u9o63AcGvT4CRCaihtS0sskZg=",
          "optional": true,
          "requires": {
            "inherits": "^2.0.3",
            "string_decoder": "^1.1.1",
            "util-deprecate": "^1.0.1"
          }
        }
      }
    },
    "bluetooth-hci-socket": {
      "version": "0.5.1",
      "resolved": "https://hubdoc.jfrog.io/hubdoc/api/npm/npm/bluetooth-hci-socket/-/bluetooth-hci-socket-0.5.1.tgz",
      "integrity": "sha1-774hUk/Bz10/rl1RNl1WHUq77Qs=",
      "optional": true,
      "requires": {
        "debug": "^2.2.0",
        "nan": "^2.0.5",
        "usb": "^1.1.0"
      }
    },
    "bplist-parser": {
      "version": "0.0.6",
      "resolved": "https://hubdoc.jfrog.io/hubdoc/api/npm/npm/bplist-parser/-/bplist-parser-0.0.6.tgz",
      "integrity": "sha1-ONo0cYF9+dRKs4kuJ3B7u9daEbk=",
      "optional": true
    },
    "buffer": {
      "version": "5.7.1",
      "resolved": "https://hubdoc.jfrog.io/hubdoc/api/npm/npm/buffer/-/buffer-5.7.1.tgz",
      "integrity": "sha1-umLnwTEzBTWCGXFghRqPZI6Z7tA=",
      "optional": true,
      "requires": {
        "base64-js": "^1.3.1",
        "ieee754": "^1.1.13"
      }
    },
    "chownr": {
      "version": "1.1.4",
      "resolved": "https://hubdoc.jfrog.io/hubdoc/api/npm/npm/chownr/-/chownr-1.1.4.tgz",
      "integrity": "sha1-b8nXtC0ypYNZYzdmbn0ICE2izGs=",
      "optional": true
    },
    "code-point-at": {
      "version": "1.1.0",
      "resolved": "https://hubdoc.jfrog.io/hubdoc/api/npm/npm/code-point-at/-/code-point-at-1.1.0.tgz",
      "integrity": "sha1-DQcLTQQ6W+ozovGkDi7bPZpMz3c=",
      "optional": true
    },
    "console-control-strings": {
      "version": "1.1.0",
      "resolved": "https://hubdoc.jfrog.io/hubdoc/api/npm/npm/console-control-strings/-/console-control-strings-1.1.0.tgz",
      "integrity": "sha1-PXz0Rk22RG6mRL9LOVB/mFEAjo4=",
      "optional": true
    },
    "core-util-is": {
      "version": "1.0.2",
      "resolved": "https://hubdoc.jfrog.io/hubdoc/api/npm/npm/core-util-is/-/core-util-is-1.0.2.tgz",
      "integrity": "sha1-tf1UIgqivFq1eqtxQMlAdUUDwac=",
      "optional": true
    },
    "debug": {
      "version": "2.2.0",
      "resolved": "https://hubdoc.jfrog.io/hubdoc/api/npm/npm/debug/-/debug-2.2.0.tgz",
      "integrity": "sha1-+HBX6ZWxofauaklgZkE3vFbwOdo=",
      "requires": {
        "ms": "0.7.1"
      }
    },
    "decompress-response": {
      "version": "4.2.1",
      "resolved": "https://hubdoc.jfrog.io/hubdoc/api/npm/npm/decompress-response/-/decompress-response-4.2.1.tgz",
      "integrity": "sha1-QUAjzHowLaJc4uyC0NUjjMr9iYY=",
      "optional": true,
      "requires": {
        "mimic-response": "^2.0.0"
      }
    },
    "deep-extend": {
      "version": "0.6.0",
      "resolved": "https://hubdoc.jfrog.io/hubdoc/api/npm/npm/deep-extend/-/deep-extend-0.6.0.tgz",
      "integrity": "sha1-xPp8lUBKF6nD6Mp+FTcxK3NjMKw=",
      "optional": true
    },
    "delegates": {
      "version": "1.0.0",
      "resolved": "https://hubdoc.jfrog.io/hubdoc/api/npm/npm/delegates/-/delegates-1.0.0.tgz",
      "integrity": "sha1-hMbhWbgZBP3KWaDvRM2HDTElD5o=",
      "optional": true
    },
    "detect-libc": {
      "version": "1.0.3",
      "resolved": "https://hubdoc.jfrog.io/hubdoc/api/npm/npm/detect-libc/-/detect-libc-1.0.3.tgz",
      "integrity": "sha1-+hN8S9aY7fVc1c0CrFWfkaTEups=",
      "optional": true
    },
    "end-of-stream": {
      "version": "1.4.4",
      "resolved": "https://hubdoc.jfrog.io/hubdoc/api/npm/npm/end-of-stream/-/end-of-stream-1.4.4.tgz",
      "integrity": "sha1-WuZKX0UFe682JuwU2gyl5LJDHrA=",
      "optional": true,
      "requires": {
        "once": "^1.4.0"
      }
    },
    "expand-template": {
      "version": "2.0.3",
      "resolved": "https://hubdoc.jfrog.io/hubdoc/api/npm/npm/expand-template/-/expand-template-2.0.3.tgz",
      "integrity": "sha1-bhSz/O4POmNA7LV9LokYaSBSpHw=",
      "optional": true
    },
    "file-uri-to-path": {
      "version": "1.0.0",
      "resolved": "https://hubdoc.jfrog.io/hubdoc/api/npm/npm/file-uri-to-path/-/file-uri-to-path-1.0.0.tgz",
      "integrity": "sha1-VTp7hEb/b2hDWcRF8eN6BdrMM90=",
      "optional": true
    },
    "fs-constants": {
      "version": "1.0.0",
      "resolved": "https://hubdoc.jfrog.io/hubdoc/api/npm/npm/fs-constants/-/fs-constants-1.0.0.tgz",
      "integrity": "sha1-a+Dem+mYzhavivwkSXue6bfM2a0=",
      "optional": true
    },
    "gauge": {
      "version": "2.7.4",
      "resolved": "https://hubdoc.jfrog.io/hubdoc/api/npm/npm/gauge/-/gauge-2.7.4.tgz",
      "integrity": "sha1-LANAXHU4w51+s3sxcCLjJfsBi/c=",
      "optional": true,
      "requires": {
        "aproba": "^1.0.3",
        "console-control-strings": "^1.0.0",
        "has-unicode": "^2.0.0",
        "object-assign": "^4.1.0",
        "signal-exit": "^3.0.0",
        "string-width": "^1.0.1",
        "strip-ansi": "^3.0.1",
        "wide-align": "^1.1.0"
      }
    },
    "github-from-package": {
      "version": "0.0.0",
      "resolved": "https://hubdoc.jfrog.io/hubdoc/api/npm/npm/github-from-package/-/github-from-package-0.0.0.tgz",
      "integrity": "sha1-l/tdlr/eiXMxPyDoKI75oWf6ZM4=",
      "optional": true
    },
    "has-unicode": {
      "version": "2.0.1",
      "resolved": "https://hubdoc.jfrog.io/hubdoc/api/npm/npm/has-unicode/-/has-unicode-2.0.1.tgz",
      "integrity": "sha1-4Ob+aijPUROIVeCG0Wkedx3iqLk=",
      "optional": true
    },
    "ieee754": {
      "version": "1.2.1",
      "resolved": "https://hubdoc.jfrog.io/hubdoc/api/npm/npm/ieee754/-/ieee754-1.2.1.tgz",
      "integrity": "sha1-jrehCmP/8l0VpXsAFYbRd9Gw01I=",
      "optional": true
    },
    "inherits": {
      "version": "2.0.4",
      "resolved": "https://hubdoc.jfrog.io/hubdoc/api/npm/npm/inherits/-/inherits-2.0.4.tgz",
      "integrity": "sha1-D6LGT5MpF8NDOg3tVTY6rjdBa3w=",
      "optional": true
    },
    "ini": {
      "version": "1.3.8",
      "resolved": "https://hubdoc.jfrog.io/hubdoc/api/npm/npm/ini/-/ini-1.3.8.tgz",
      "integrity": "sha1-op2kJbSIBvNHZ6Tvzjlyaa8oQyw=",
      "optional": true
    },
    "is-fullwidth-code-point": {
      "version": "1.0.0",
      "resolved": "https://hubdoc.jfrog.io/hubdoc/api/npm/npm/is-fullwidth-code-point/-/is-fullwidth-code-point-1.0.0.tgz",
      "integrity": "sha1-754xOG8DGn8NZDr4L95QxFfvAMs=",
      "optional": true,
      "requires": {
        "number-is-nan": "^1.0.0"
      }
    },
    "isarray": {
      "version": "1.0.0",
      "resolved": "https://hubdoc.jfrog.io/hubdoc/api/npm/npm/isarray/-/isarray-1.0.0.tgz",
      "integrity": "sha1-u5NdSFgsuhaMBoNJV6VKPgcSTxE=",
      "optional": true
    },
    "mimic-response": {
      "version": "2.1.0",
      "resolved": "https://hubdoc.jfrog.io/hubdoc/api/npm/npm/mimic-response/-/mimic-response-2.1.0.tgz",
      "integrity": "sha1-0Tdj019hPQnsN+uzC6wEacDuj0M=",
      "optional": true
    },
    "minimist": {
      "version": "1.2.5",
      "resolved": "https://hubdoc.jfrog.io/hubdoc/api/npm/npm/minimist/-/minimist-1.2.5.tgz",
      "integrity": "sha1-Z9ZgFLZqaoqqDAg8X9WN9OTpdgI=",
      "optional": true
    },
    "mkdirp-classic": {
      "version": "0.5.3",
      "resolved": "https://hubdoc.jfrog.io/hubdoc/api/npm/npm/mkdirp-classic/-/mkdirp-classic-0.5.3.tgz",
      "integrity": "sha1-+hDJEVzG2IZb4iG6R+6b7XhgERM=",
      "optional": true
    },
    "ms": {
      "version": "0.7.1",
      "resolved": "https://hubdoc.jfrog.io/hubdoc/api/npm/npm/ms/-/ms-0.7.1.tgz",
      "integrity": "sha1-nNE8A62/8ltl7/3nzoZO6VIBcJg="
    },
    "nan": {
      "version": "2.14.2",
      "resolved": "https://hubdoc.jfrog.io/hubdoc/api/npm/npm/nan/-/nan-2.14.2.tgz",
      "integrity": "sha1-9TdkAGlRaPTMaUrJOT0MlYXu6hk=",
      "optional": true
    },
    "napi-build-utils": {
      "version": "1.0.2",
      "resolved": "https://hubdoc.jfrog.io/hubdoc/api/npm/npm/napi-build-utils/-/napi-build-utils-1.0.2.tgz",
      "integrity": "sha1-sf3cCyxG44Cgt6dvmE3UfEGhOAY=",
      "optional": true
    },
    "noble": {
      "version": "1.9.1",
      "resolved": "https://hubdoc.jfrog.io/hubdoc/api/npm/npm/noble/-/noble-1.9.1.tgz",
      "integrity": "sha1-LM0x6tjsktv/bxmkLkILJYvNzdA=",
      "requires": {
        "bluetooth-hci-socket": "^0.5.1",
        "bplist-parser": "0.0.6",
        "debug": "~2.2.0",
        "xpc-connection": "~0.1.4"
      }
    },
    "node-abi": {
      "version": "2.26.0",
      "resolved": "https://hubdoc.jfrog.io/hubdoc/api/npm/npm/node-abi/-/node-abi-2.26.0.tgz",
      "integrity": "sha1-NV1dS8YD6Fb3QZetvz9RF6OWukA=",
      "optional": true,
      "requires": {
        "semver": "^5.4.1"
      }
    },
    "node-addon-api": {
      "version": "3.0.2",
      "resolved": "https://hubdoc.jfrog.io/hubdoc/api/npm/npm/node-addon-api/-/node-addon-api-3.0.2.tgz",
      "integrity": "sha1-BLx7g/2EW6eFu26uJbyFfh73VoE=",
      "optional": true
    },
    "noop-logger": {
      "version": "0.1.1",
      "resolved": "https://hubdoc.jfrog.io/hubdoc/api/npm/npm/noop-logger/-/noop-logger-0.1.1.tgz",
      "integrity": "sha1-lKKxYzxPExdVMAfYlm/Q6EG2pMI=",
      "optional": true
    },
    "npmlog": {
      "version": "4.1.2",
      "resolved": "https://hubdoc.jfrog.io/hubdoc/api/npm/npm/npmlog/-/npmlog-4.1.2.tgz",
      "integrity": "sha1-CKfyqL9zRgR3mp76StXMcXq7lUs=",
      "optional": true,
      "requires": {
        "are-we-there-yet": "~1.1.2",
        "console-control-strings": "~1.1.0",
        "gauge": "~2.7.3",
        "set-blocking": "~2.0.0"
      }
    },
    "number-is-nan": {
      "version": "1.0.1",
      "resolved": "https://hubdoc.jfrog.io/hubdoc/api/npm/npm/number-is-nan/-/number-is-nan-1.0.1.tgz",
      "integrity": "sha1-CXtgK1NCKlIsGvuHkDGDNpQaAR0=",
      "optional": true
    },
    "object-assign": {
      "version": "4.1.1",
      "resolved": "https://hubdoc.jfrog.io/hubdoc/api/npm/npm/object-assign/-/object-assign-4.1.1.tgz",
      "integrity": "sha1-IQmtx5ZYh8/AXLvUQsrIv7s2CGM=",
      "optional": true
    },
    "once": {
      "version": "1.4.0",
      "resolved": "https://hubdoc.jfrog.io/hubdoc/api/npm/npm/once/-/once-1.4.0.tgz",
      "integrity": "sha1-WDsap3WWHUsROsF9nFC6753Xa9E=",
      "optional": true,
      "requires": {
        "wrappy": "1"
      }
    },
    "prebuild-install": {
      "version": "5.3.6",
      "resolved": "https://hubdoc.jfrog.io/hubdoc/api/npm/npm/prebuild-install/-/prebuild-install-5.3.6.tgz",
      "integrity": "sha1-fCJVaNhkxx2J0H+HlgQnM6P1QpE=",
      "optional": true,
      "requires": {
        "detect-libc": "^1.0.3",
        "expand-template": "^2.0.3",
        "github-from-package": "0.0.0",
        "minimist": "^1.2.3",
        "mkdirp-classic": "^0.5.3",
        "napi-build-utils": "^1.0.1",
        "node-abi": "^2.7.0",
        "noop-logger": "^0.1.1",
        "npmlog": "^4.0.1",
        "pump": "^3.0.0",
        "rc": "^1.2.7",
        "simple-get": "^3.0.3",
        "tar-fs": "^2.0.0",
        "tunnel-agent": "^0.6.0",
        "which-pm-runs": "^1.0.0"
      }
    },
    "process-nextick-args": {
      "version": "2.0.1",
      "resolved": "https://hubdoc.jfrog.io/hubdoc/api/npm/npm/process-nextick-args/-/process-nextick-args-2.0.1.tgz",
      "integrity": "sha1-eCDZsWEgzFXKmud5JoCufbptf+I=",
      "optional": true
    },
    "pump": {
      "version": "3.0.0",
      "resolved": "https://hubdoc.jfrog.io/hubdoc/api/npm/npm/pump/-/pump-3.0.0.tgz",
      "integrity": "sha1-tKIRaBW94vTh6mAjVOjHVWUQemQ=",
      "optional": true,
      "requires": {
        "end-of-stream": "^1.1.0",
        "once": "^1.3.1"
      }
    },
    "rc": {
      "version": "1.2.8",
      "resolved": "https://hubdoc.jfrog.io/hubdoc/api/npm/npm/rc/-/rc-1.2.8.tgz",
      "integrity": "sha1-zZJL9SAKB1uDwYjNa54hG3/A0+0=",
      "optional": true,
      "requires": {
        "deep-extend": "^0.6.0",
        "ini": "~1.3.0",
        "minimist": "^1.2.0",
        "strip-json-comments": "~2.0.1"
      }
    },
    "readable-stream": {
      "version": "2.3.7",
      "resolved": "https://hubdoc.jfrog.io/hubdoc/api/npm/npm/readable-stream/-/readable-stream-2.3.7.tgz",
      "integrity": "sha1-Hsoc9xGu+BTAT2IlKjamL2yyO1c=",
      "optional": true,
      "requires": {
        "core-util-is": "~1.0.0",
        "inherits": "~2.0.3",
        "isarray": "~1.0.0",
        "process-nextick-args": "~2.0.0",
        "safe-buffer": "~5.1.1",
        "string_decoder": "~1.1.1",
        "util-deprecate": "~1.0.1"
      }
    },
    "safe-buffer": {
      "version": "5.1.2",
      "resolved": "https://hubdoc.jfrog.io/hubdoc/api/npm/npm/safe-buffer/-/safe-buffer-5.1.2.tgz",
      "integrity": "sha1-mR7GnSluAxN0fVm9/St0XDX4go0=",
      "optional": true
    },
    "semver": {
      "version": "5.7.1",
      "resolved": "https://hubdoc.jfrog.io/hubdoc/api/npm/npm/semver/-/semver-5.7.1.tgz",
      "integrity": "sha1-qVT5Ma66UI0we78Gnv8MAclhFvc=",
      "optional": true
    },
    "set-blocking": {
      "version": "2.0.0",
      "resolved": "https://hubdoc.jfrog.io/hubdoc/api/npm/npm/set-blocking/-/set-blocking-2.0.0.tgz",
      "integrity": "sha1-BF+XgtARrppoA93TgrJDkrPYkPc=",
      "optional": true
    },
    "signal-exit": {
      "version": "3.0.3",
      "resolved": "https://hubdoc.jfrog.io/hubdoc/api/npm/npm/signal-exit/-/signal-exit-3.0.3.tgz",
      "integrity": "sha1-oUEMLt2PB3sItOJTyOrPyvBXRhw=",
      "optional": true
    },
    "simple-concat": {
      "version": "1.0.1",
      "resolved": "https://hubdoc.jfrog.io/hubdoc/api/npm/npm/simple-concat/-/simple-concat-1.0.1.tgz",
      "integrity": "sha1-9Gl2CCujXCJj8cirXt/ibEHJVS8=",
      "optional": true
    },
    "simple-get": {
      "version": "3.1.0",
      "resolved": "https://hubdoc.jfrog.io/hubdoc/api/npm/npm/simple-get/-/simple-get-3.1.0.tgz",
      "integrity": "sha1-tFvgYkNeUNFZVAtXYgLO7EC5xrM=",
      "optional": true,
      "requires": {
        "decompress-response": "^4.2.0",
        "once": "^1.3.1",
        "simple-concat": "^1.0.0"
      }
    },
    "string-width": {
      "version": "1.0.2",
      "resolved": "https://hubdoc.jfrog.io/hubdoc/api/npm/npm/string-width/-/string-width-1.0.2.tgz",
      "integrity": "sha1-EYvfW4zcUaKn5w0hHgfisLmxB9M=",
      "optional": true,
      "requires": {
        "code-point-at": "^1.0.0",
        "is-fullwidth-code-point": "^1.0.0",
        "strip-ansi": "^3.0.0"
      }
    },
    "string_decoder": {
      "version": "1.1.1",
      "resolved": "https://hubdoc.jfrog.io/hubdoc/api/npm/npm/string_decoder/-/string_decoder-1.1.1.tgz",
      "integrity": "sha1-nPFhG6YmhdcDCunkujQUnDrwP8g=",
      "optional": true,
      "requires": {
        "safe-buffer": "~5.1.0"
      }
    },
    "strip-ansi": {
      "version": "3.0.1",
      "resolved": "https://hubdoc.jfrog.io/hubdoc/api/npm/npm/strip-ansi/-/strip-ansi-3.0.1.tgz",
      "integrity": "sha1-ajhfuIU9lS1f8F0Oiq+UJ43GPc8=",
      "optional": true,
      "requires": {
        "ansi-regex": "^2.0.0"
      }
    },
    "strip-json-comments": {
      "version": "2.0.1",
      "resolved": "https://hubdoc.jfrog.io/hubdoc/api/npm/npm/strip-json-comments/-/strip-json-comments-2.0.1.tgz",
      "integrity": "sha1-PFMZQukIwml8DsNEhYwobHygpgo=",
      "optional": true
    },
    "tar-fs": {
      "version": "2.1.1",
      "resolved": "https://hubdoc.jfrog.io/hubdoc/api/npm/npm/tar-fs/-/tar-fs-2.1.1.tgz",
      "integrity": "sha1-SJoVq4Xx8L76uzcLfeT561y+h4Q=",
      "optional": true,
      "requires": {
        "chownr": "^1.1.1",
        "mkdirp-classic": "^0.5.2",
        "pump": "^3.0.0",
        "tar-stream": "^2.1.4"
      }
    },
    "tar-stream": {
      "version": "2.2.0",
      "resolved": "https://hubdoc.jfrog.io/hubdoc/api/npm/npm/tar-stream/-/tar-stream-2.2.0.tgz",
      "integrity": "sha1-rK2EwoQTawYNw/qmRHSqmuvXcoc=",
      "optional": true,
      "requires": {
        "bl": "^4.0.3",
        "end-of-stream": "^1.4.1",
        "fs-constants": "^1.0.0",
        "inherits": "^2.0.3",
        "readable-stream": "^3.1.1"
      },
      "dependencies": {
        "readable-stream": {
          "version": "3.6.0",
          "resolved": "https://hubdoc.jfrog.io/hubdoc/api/npm/npm/readable-stream/-/readable-stream-3.6.0.tgz",
          "integrity": "sha1-M3u9o63AcGvT4CRCaihtS0sskZg=",
          "optional": true,
          "requires": {
            "inherits": "^2.0.3",
            "string_decoder": "^1.1.1",
            "util-deprecate": "^1.0.1"
          }
        }
      }
    },
    "tunnel-agent": {
      "version": "0.6.0",
      "resolved": "https://hubdoc.jfrog.io/hubdoc/api/npm/npm/tunnel-agent/-/tunnel-agent-0.6.0.tgz",
      "integrity": "sha1-J6XeoGs2sEoKmWZ3SykIaPD8QP0=",
      "optional": true,
      "requires": {
        "safe-buffer": "^5.0.1"
      }
    },
    "usb": {
      "version": "1.7.0",
      "resolved": "https://hubdoc.jfrog.io/hubdoc/api/npm/npm/usb/-/usb-1.7.0.tgz",
      "integrity": "sha1-nLIFI3KmoR9wHvdl+PPJT04PzYA=",
      "optional": true,
      "requires": {
        "bindings": "^1.4.0",
        "node-addon-api": "3.0.2",
        "prebuild-install": "^5.3.3"
      }
    },
    "util-deprecate": {
      "version": "1.0.2",
      "resolved": "https://hubdoc.jfrog.io/hubdoc/api/npm/npm/util-deprecate/-/util-deprecate-1.0.2.tgz",
      "integrity": "sha1-RQ1Nyfpw3nMnYvvS1KKJgUGaDM8=",
      "optional": true
    },
    "which-pm-runs": {
      "version": "1.0.0",
      "resolved": "https://hubdoc.jfrog.io/hubdoc/api/npm/npm/which-pm-runs/-/which-pm-runs-1.0.0.tgz",
      "integrity": "sha1-Zws6+8VS4LVd9rd4DKdGFfI60cs=",
      "optional": true
    },
    "wide-align": {
      "version": "1.1.3",
      "resolved": "https://hubdoc.jfrog.io/hubdoc/api/npm/npm/wide-align/-/wide-align-1.1.3.tgz",
      "integrity": "sha1-rgdOa9wMFKQx6ATmJFScYzsABFc=",
      "optional": true,
      "requires": {
        "string-width": "^1.0.2 || 2"
      }
    },
    "wrappy": {
      "version": "1.0.2",
      "resolved": "https://hubdoc.jfrog.io/hubdoc/api/npm/npm/wrappy/-/wrappy-1.0.2.tgz",
      "integrity": "sha1-tSQ9jz7BqjXxNkYFvA0QNuMKtp8=",
      "optional": true
    },
    "xpc-connection": {
      "version": "0.1.4",
      "resolved": "https://hubdoc.jfrog.io/hubdoc/api/npm/npm/xpc-connection/-/xpc-connection-0.1.4.tgz",
      "integrity": "sha1-3Nf6oq7Gt6bhjMXdrQQvejTHcVY=",
      "optional": true,
      "requires": {
        "nan": "^2.0.5"
      }
    }
  }
}
